
Microsoft Visual Studio Solution File, Format Version 12.00
# Visual Studio Version 16
VisualStudioVersion = 16.0.34601.136
MinimumVisualStudioVersion = 10.0.40219.1
Project("{FAE04EC0-301F-11D3-BF4B-00C04F79EFBC}") = "calculadora", "calculadora\calculadora.csproj", "{360B9B26-492F-46E6-967B-DCE523D78320}"
EndProject
Global
	GlobalSection(SolutionConfigurationPlatforms) = preSolution
		Debug|Any CPU = Debug|Any CPU
		Release|Any CPU = Release|Any CPU
	EndGlobalSection
	GlobalSection(ProjectConfigurationPlatforms) = postSolution
		{360B9B26-492F-46E6-967B-DCE523D78320}.Debug|Any CPU.ActiveCfg = Debug|Any CPU
		{360B9B26-492F-46E6-967B-DCE523D78320}.Debug|Any CPU.Build.0 = Debug|Any CPU
		{360B9B26-492F-46E6-967B-DCE523D78320}.Release|Any CPU.ActiveCfg = Release|Any CPU
		{360B9B26-492F-46E6-967B-DCE523D78320}.Release|Any CPU.Build.0 = Release|Any CPU
	EndGlobalSection
	GlobalSection(SolutionProperties) = preSolution
		HideSolutionNode = FALSE
	EndGlobalSection
	GlobalSection(ExtensibilityGlobals) = postSolution
		SolutionGuid = {1D666C81-E524-4966-829F-F35E815A9710}
	EndGlobalSection
EndGlobal
